# THIS IS AN AUTOGENERATED FILE. DO NOT EDIT THIS FILE DIRECTLY.
# yarn lockfile v1


"@websh/remote-master-port@^0.1.0":
  version "0.1.0"
  resolved "https://registry.yarnpkg.com/@websh/remote-master-port/-/remote-master-port-0.1.0.tgz#3b35954f81bf99eac922c837774779c3316db84d"
  integrity sha512-Ku9f2VCBsbOlJ6KmsQkSod6gxlfr0zU0AzPAxzpl8Kliq3JTi/yX2xXd6ewtOjeJ4QaaI7nuXmPmcnPPem3JCQ==
